
Microsoft Visual Studio Solution File, Format Version 12.00
# Visual Studio Version 17
VisualStudioVersion = 17.9.34723.18
MinimumVisualStudioVersion = 10.0.40219.1
Project("{FAE04EC0-301F-11D3-BF4B-00C04F79EFBC}") = "socket_server", "socket_server\socket_server.csproj", "{E89806AB-F10B-47FD-B032-DD56F4D9357B}"
EndProject
Global
	GlobalSection(SolutionConfigurationPlatforms) = preSolution
		Debug|Any CPU = Debug|Any CPU
		Release|Any CPU = Release|Any CPU
	EndGlobalSection
	GlobalSection(ProjectConfigurationPlatforms) = postSolution
		{E89806AB-F10B-47FD-B032-DD56F4D9357B}.Debug|Any CPU.ActiveCfg = Debug|Any CPU
		{E89806AB-F10B-47FD-B032-DD56F4D9357B}.Debug|Any CPU.Build.0 = Debug|Any CPU
		{E89806AB-F10B-47FD-B032-DD56F4D9357B}.Release|Any CPU.ActiveCfg = Release|Any CPU
		{E89806AB-F10B-47FD-B032-DD56F4D9357B}.Release|Any CPU.Build.0 = Release|Any CPU
	EndGlobalSection
	GlobalSection(SolutionProperties) = preSolution
		HideSolutionNode = FALSE
	EndGlobalSection
	GlobalSection(ExtensibilityGlobals) = postSolution
		SolutionGuid = {31112289-8364-4DBA-9EC9-8E652A0B5F10}
	EndGlobalSection
EndGlobal
