
Microsoft Visual Studio Solution File, Format Version 12.00
# Visual Studio Version 17
VisualStudioVersion = 17.10.35004.147
MinimumVisualStudioVersion = 10.0.40219.1
Project("{FAE04EC0-301F-11D3-BF4B-00C04F79EFBC}") = "loader", "loader\loader.csproj", "{A934C860-37CB-489C-AEE4-CE17BFA71063}"
EndProject
Global
	GlobalSection(SolutionConfigurationPlatforms) = preSolution
		Debug|Any CPU = Debug|Any CPU
		Release|Any CPU = Release|Any CPU
	EndGlobalSection
	GlobalSection(ProjectConfigurationPlatforms) = postSolution
		{A934C860-37CB-489C-AEE4-CE17BFA71063}.Debug|Any CPU.ActiveCfg = Debug|Any CPU
		{A934C860-37CB-489C-AEE4-CE17BFA71063}.Debug|Any CPU.Build.0 = Debug|Any CPU
		{A934C860-37CB-489C-AEE4-CE17BFA71063}.Release|Any CPU.ActiveCfg = Release|Any CPU
		{A934C860-37CB-489C-AEE4-CE17BFA71063}.Release|Any CPU.Build.0 = Release|Any CPU
	EndGlobalSection
	GlobalSection(SolutionProperties) = preSolution
		HideSolutionNode = FALSE
	EndGlobalSection
	GlobalSection(ExtensibilityGlobals) = postSolution
		SolutionGuid = {EA39619A-FB2D-4346-A875-7B0547AB8FE0}
	EndGlobalSection
EndGlobal
